<?xml version="1.0" encoding="utf-8"?>
<Project ToolsVersion="4.0" xmlns="http://schemas.microsoft.com/developer/msbuild/2003">
  <ItemGroup>
    <Filter Include="Source Files">
      <UniqueIdentifier>{4FC737F1-C7A5-4376-A066-2A32D752A2FF}</UniqueIdentifier>
      <Extensions>cpp;c;cc;cxx;def;odl;idl;hpj;bat;asm;asmx</Extensions>
    </Filter>
    <Filter Include="Header Files">
      <UniqueIdentifier>{93995380-89BD-4b04-88EB-625FBE52EBFB}</UniqueIdentifier>
      <Extensions>h;hh;hpp;hxx;hm;inl;inc;ipp;xsd</Extensions>
    </Filter>
    <Filter Include="Resource Files">
      <UniqueIdentifier>{67DA6AB6-F800-4c08-8B7A-83BB121AAD01}</UniqueIdentifier>
      <Extensions>rc;ico;cur;bmp;dlg;rc2;rct;bin;rgs;gif;jpg;jpeg;jpe;resx;tiff;tif;png;wav;mfcribbon-ms</Extensions>
    </Filter>
  </ItemGroup>
  <ItemGroup>
    <ClInclude Include="..\TS_PROJECT_L8_7\Include\sync_cout.hpp">
      <Filter>Header Files</Filter>
    </ClInclude>
    <ClInclude Include="..\TS_PROJECT_L8_7\Include\udp_node.hpp">
      <Filter>Header Files</Filter>
    </ClInclude>
    <ClInclude Include="..\TS_PROJECT_L8_7\Include\text_protocol.hpp">
      <Filter>Header Files</Filter>
    </ClInclude>
    <ClInclude Include="..\TS_PROJECT_L8_7\Include\utils.hpp">
      <Filter>Header Files</Filter>
    </ClInclude>
    <ClInclude Include="..\TS_PROJECT_L8_7\Include\console_manip.hpp">
      <Filter>Header Files</Filter>
    </ClInclude>
    <ClInclude Include="..\TS_PROJECT_L8_7\Include\calculator_server.hpp">
      <Filter>Header Files</Filter>
    </ClInclude>
  </ItemGroup>
  <ItemGroup>
    <ClCompile Include="server_main.cpp">
      <Filter>Source Files</Filter>
    </ClCompile>
    <ClCompile Include="..\TS_PROJECT_L8_7\Source\sync_cout.cpp">
      <Filter>Source Files</Filter>
    </ClCompile>
    <ClCompile Include="..\TS_PROJECT_L8_7\Source\udp_node.cpp">
      <Filter>Source Files</Filter>
    </ClCompile>
    <ClCompile Include="..\TS_PROJECT_L8_7\Source\text_protocol.cpp">
      <Filter>Source Files</Filter>
    </ClCompile>
    <ClCompile Include="..\TS_PROJECT_L8_7\Source\utils.cpp">
      <Filter>Source Files</Filter>
    </ClCompile>
    <ClCompile Include="..\TS_PROJECT_L8_7\Source\console_manip.cpp">
      <Filter>Source Files</Filter>
    </ClCompile>
    <ClCompile Include="..\TS_PROJECT_L8_7\Source\calculator_server.cpp">
      <Filter>Source Files</Filter>
    </ClCompile>
  </ItemGroup>
</Project>